
Microsoft Visual Studio Solution File, Format Version 12.00
# Visual Studio Version 17
VisualStudioVersion = 17.9.34723.18
MinimumVisualStudioVersion = 10.0.40219.1
Project("{9A19103F-16F7-4668-BE54-9A1E7A4F7556}") = "CoreFormsApp1", "WinFormsApp1\CoreFormsApp1.csproj", "{B408DFCE-1FB2-4F98-A6EA-681D049BE4F6}"
EndProject
Project("{FAE04EC0-301F-11D3-BF4B-00C04F79EFBC}") = "OpenHardwareMonitorLib", "openhardwaremonitor\OpenHardwareMonitorLib.csproj", "{B0397530-545A-471D-BB74-027AE456DF1A}"
EndProject
Project("{FAE04EC0-301F-11D3-BF4B-00C04F79EFBC}") = "WindowsFormsApp1", "WindowsFormsApp1\WindowsFormsApp1.csproj", "{CB01A614-B394-4215-A218-66013D41ABDD}"
EndProject
Project("{2150E333-8FDC-42A3-9474-1A3956D46DE8}") = "Controls", "Controls", "{46D55D32-AC41-4D70-B6B9-38449D933D77}"
EndProject
Project("{FAE04EC0-301F-11D3-BF4B-00C04F79EFBC}") = "Aga.Controls", "openhardwaremonitor\External\Aga.Controls\Aga.Controls.csproj", "{E73BB233-D88B-44A7-A98F-D71EE158381D}"
EndProject
Project("{FAE04EC0-301F-11D3-BF4B-00C04F79EFBC}") = "OxyPlot", "openhardwaremonitor\External\OxyPlot\OxyPlot\OxyPlot.csproj", "{BCC43E58-E473-403E-A84D-63FEDC723040}"
EndProject
Project("{FAE04EC0-301F-11D3-BF4B-00C04F79EFBC}") = "OxyPlot.WindowsForms", "openhardwaremonitor\External\OxyPlot\OxyPlot.WindowsForms\OxyPlot.WindowsForms.csproj", "{D4554296-094E-4CAC-8EAE-44EB250666C6}"
EndProject
Project("{FAE04EC0-301F-11D3-BF4B-00C04F79EFBC}") = "OpenHardwareMonitor", "openhardwaremonitor\OpenHardwareMonitor.csproj", "{F5E0C1F7-9E9B-46F2-AC88-8C9C1C923880}"
EndProject
Project("{9A19103F-16F7-4668-BE54-9A1E7A4F7556}") = "OHMService", "HardwareMonitorCore\OHMService.csproj", "{29050C78-E001-4C01-8A74-FFECDF937E4E}"
EndProject
Project("{2150E333-8FDC-42A3-9474-1A3956D46DE8}") = "Base", "Base", "{709D8BC7-9914-467E-8917-8342D6AB1D6E}"
EndProject
Global
	GlobalSection(SolutionConfigurationPlatforms) = preSolution
		Debug|Any CPU = Debug|Any CPU
		Release|Any CPU = Release|Any CPU
	EndGlobalSection
	GlobalSection(ProjectConfigurationPlatforms) = postSolution
		{B408DFCE-1FB2-4F98-A6EA-681D049BE4F6}.Debug|Any CPU.ActiveCfg = Debug|Any CPU
		{B408DFCE-1FB2-4F98-A6EA-681D049BE4F6}.Debug|Any CPU.Build.0 = Debug|Any CPU
		{B408DFCE-1FB2-4F98-A6EA-681D049BE4F6}.Release|Any CPU.ActiveCfg = Release|Any CPU
		{B408DFCE-1FB2-4F98-A6EA-681D049BE4F6}.Release|Any CPU.Build.0 = Release|Any CPU
		{B0397530-545A-471D-BB74-027AE456DF1A}.Debug|Any CPU.ActiveCfg = Debug|Any CPU
		{B0397530-545A-471D-BB74-027AE456DF1A}.Debug|Any CPU.Build.0 = Debug|Any CPU
		{B0397530-545A-471D-BB74-027AE456DF1A}.Release|Any CPU.ActiveCfg = Release|Any CPU
		{B0397530-545A-471D-BB74-027AE456DF1A}.Release|Any CPU.Build.0 = Release|Any CPU
		{CB01A614-B394-4215-A218-66013D41ABDD}.Debug|Any CPU.ActiveCfg = Debug|Any CPU
		{CB01A614-B394-4215-A218-66013D41ABDD}.Debug|Any CPU.Build.0 = Debug|Any CPU
		{CB01A614-B394-4215-A218-66013D41ABDD}.Release|Any CPU.ActiveCfg = Release|Any CPU
		{CB01A614-B394-4215-A218-66013D41ABDD}.Release|Any CPU.Build.0 = Release|Any CPU
		{E73BB233-D88B-44A7-A98F-D71EE158381D}.Debug|Any CPU.ActiveCfg = Debug|Any CPU
		{E73BB233-D88B-44A7-A98F-D71EE158381D}.Debug|Any CPU.Build.0 = Debug|Any CPU
		{E73BB233-D88B-44A7-A98F-D71EE158381D}.Release|Any CPU.ActiveCfg = Release|Any CPU
		{E73BB233-D88B-44A7-A98F-D71EE158381D}.Release|Any CPU.Build.0 = Release|Any CPU
		{BCC43E58-E473-403E-A84D-63FEDC723040}.Debug|Any CPU.ActiveCfg = Debug|Any CPU
		{BCC43E58-E473-403E-A84D-63FEDC723040}.Debug|Any CPU.Build.0 = Debug|Any CPU
		{BCC43E58-E473-403E-A84D-63FEDC723040}.Release|Any CPU.ActiveCfg = Release|Any CPU
		{BCC43E58-E473-403E-A84D-63FEDC723040}.Release|Any CPU.Build.0 = Release|Any CPU
		{D4554296-094E-4CAC-8EAE-44EB250666C6}.Debug|Any CPU.ActiveCfg = Debug|Any CPU
		{D4554296-094E-4CAC-8EAE-44EB250666C6}.Debug|Any CPU.Build.0 = Debug|Any CPU
		{D4554296-094E-4CAC-8EAE-44EB250666C6}.Release|Any CPU.ActiveCfg = Release|Any CPU
		{D4554296-094E-4CAC-8EAE-44EB250666C6}.Release|Any CPU.Build.0 = Release|Any CPU
		{F5E0C1F7-9E9B-46F2-AC88-8C9C1C923880}.Debug|Any CPU.ActiveCfg = Debug|Any CPU
		{F5E0C1F7-9E9B-46F2-AC88-8C9C1C923880}.Debug|Any CPU.Build.0 = Debug|Any CPU
		{F5E0C1F7-9E9B-46F2-AC88-8C9C1C923880}.Release|Any CPU.ActiveCfg = Release|Any CPU
		{F5E0C1F7-9E9B-46F2-AC88-8C9C1C923880}.Release|Any CPU.Build.0 = Release|Any CPU
		{29050C78-E001-4C01-8A74-FFECDF937E4E}.Debug|Any CPU.ActiveCfg = Debug|Any CPU
		{29050C78-E001-4C01-8A74-FFECDF937E4E}.Debug|Any CPU.Build.0 = Debug|Any CPU
		{29050C78-E001-4C01-8A74-FFECDF937E4E}.Release|Any CPU.ActiveCfg = Release|Any CPU
		{29050C78-E001-4C01-8A74-FFECDF937E4E}.Release|Any CPU.Build.0 = Release|Any CPU
	EndGlobalSection
	GlobalSection(SolutionProperties) = preSolution
		HideSolutionNode = FALSE
	EndGlobalSection
	GlobalSection(NestedProjects) = preSolution
		{B0397530-545A-471D-BB74-027AE456DF1A} = {709D8BC7-9914-467E-8917-8342D6AB1D6E}
		{46D55D32-AC41-4D70-B6B9-38449D933D77} = {709D8BC7-9914-467E-8917-8342D6AB1D6E}
		{E73BB233-D88B-44A7-A98F-D71EE158381D} = {46D55D32-AC41-4D70-B6B9-38449D933D77}
		{BCC43E58-E473-403E-A84D-63FEDC723040} = {46D55D32-AC41-4D70-B6B9-38449D933D77}
		{D4554296-094E-4CAC-8EAE-44EB250666C6} = {46D55D32-AC41-4D70-B6B9-38449D933D77}
		{F5E0C1F7-9E9B-46F2-AC88-8C9C1C923880} = {709D8BC7-9914-467E-8917-8342D6AB1D6E}
	EndGlobalSection
	GlobalSection(ExtensibilityGlobals) = postSolution
		SolutionGuid = {DB4D8CD7-C916-42EF-93F5-82B7C57DB24E}
	EndGlobalSection
EndGlobal
